#MicroXplorer Configuration settings - do not modify
Mcu.Family=STM32L4
ProjectManager.MainLocation=Core/Src
RCC.USART1Freq_Value=120000000
VP_SYS_VS_tim6.Mode=TIM6
RCC.OCTOSPIMFreq_Value=120000000
RCC.SAI1Freq_Value=120000000
RCC.CortexFreq_Value=120000000
Dma.DFSDM1_FLT1.1.RequestParameters=Instance,Direction,PeriphInc,MemInc,PeriphDataAlignment,MemDataAlignment,Mode,Priority,SignalID,Polarity,RequestNumber,SyncSignalID,SyncPolarity,SyncEnable,EventEnable,SyncRequestNumber
ProjectManager.KeepUserCode=true
Mcu.UserName=STM32L4S5VITx
NVIC.TIM6_DAC_IRQn=true\:0\:0\:false\:false\:true\:false\:false\:true
SH.ADCx_IN2.0=ADC1_IN2,IN1-Differential
SH.SharedAnalog_PA4.0=GPIO_Analog
SH.SharedAnalog_PA4.1=DAC1_OUT1,DAC_OUT1
RCC.PLLSAI1RoutputFreq_Value=32000000
ProjectManager.functionlistsort=1-MX_GPIO_Init-GPIO-false-HAL-true,2-MX_DMA_Init-DMA-false-HAL-true,3-SystemClock_Config-RCC-false-HAL-false,4-MX_DFSDM1_Init-DFSDM1-false-HAL-true,5-MX_ADC1_Init-ADC1-false-HAL-true,6-MX_USART1_UART_Init-USART1-false-HAL-true,7-MX_DAC1_Init-DAC1-false-HAL-true,8-MX_TIM2_Init-TIM2-false-HAL-true
Dma.DFSDM1_FLT1.1.Mode=DMA_CIRCULAR
DAC1.IPParameters=DAC_Trigger-DAC_OUT1,WaveGeneration-DAC_OUT1
Dma.DFSDM1_FLT0.0.RequestNumber=1
RCC.PLLSAI2QoutputFreq_Value=16000000
Dma.DFSDM1_FLT1.1.Direction=DMA_PERIPH_TO_MEMORY
RCC.USART2Freq_Value=120000000
Dma.DFSDM1_FLT0.0.Mode=DMA_CIRCULAR
USART1.IPParameters=VirtualMode-Asynchronous
PC13.GPIO_Label=BTN
Dma.DFSDM1_FLT0.0.MemDataAlignment=DMA_MDATAALIGN_WORD
Dma.DFSDM1_FLT1.1.Instance=DMA1_Channel2
PinOutPanel.RotationAngle=-90
RCC.MCO1PinFreq_Value=120000000
RCC.SYSCLKSource=RCC_SYSCLKSOURCE_PLLCLK
ProjectManager.StackSize=0x400
SH.GPXTI13.0=GPIO_EXTI13
ADC1.SingleDiff-2\#ChannelRegularConversion=ADC_DIFFERENTIAL_ENDED
RCC.VCOInput3Freq_Value=4000000
Dma.DFSDM1_FLT1.1.EventEnable=DISABLE
RCC.I2C3Freq_Value=120000000
RCC.LPTIM1Freq_Value=120000000
Mcu.IP4=FREERTOS
Mcu.IP5=NVIC
RCC.FCLKCortexFreq_Value=120000000
Mcu.IP2=DFSDM1
NVIC.SVCall_IRQn=true\:0\:0\:false\:false\:false\:false\:false\:false
Mcu.IP3=DMA
Mcu.IP0=ADC1
Mcu.IP1=DAC1
NVIC.ADC1_IRQn=true\:5\:0\:false\:false\:true\:true\:true\:true
Mcu.UserConstants=
RCC.VCOSAI1OutputFreq_Value=64000000
RCC.LCDTFTFreq_Value=8000000
RCC.SDMMCFreq_Value=120000000
SH.GPXTI13.ConfNb=1
Mcu.ThirdPartyNb=0
RCC.HCLKFreq_Value=120000000
RCC.I2C4Freq_Value=120000000
Mcu.IPNb=10
TIM2.IPParameters=Period
ProjectManager.PreviousToolchain=STM32CubeIDE
RCC.APB2TimFreq_Value=120000000
Dma.DFSDM1_FLT0.0.EventEnable=DISABLE
PB6.Signal=USART1_TX
ADC1.Channel-2\#ChannelRegularConversion=ADC_CHANNEL_1
PB6.Mode=Asynchronous
Dma.DFSDM1_FLT1.1.SyncSignalID=NONE
Mcu.Pin6=PB6
RCC.SAI2Freq_Value=9142857.142857144
Mcu.Pin7=PB7
VP_TIM2_VS_ClockSourceINT.Signal=TIM2_VS_ClockSourceINT
Mcu.Pin8=VP_FREERTOS_VS_CMSIS_V1
Mcu.Pin9=VP_SYS_VS_tim6
FREERTOS.IPParameters=Tasks01,FootprintOK
RCC.AHBFreq_Value=120000000
Mcu.Pin0=PC13
Mcu.Pin1=PC0
GPIO.groupedBy=Group By Peripherals
Mcu.Pin2=PC1
Mcu.Pin3=PA4
RCC.USART3Freq_Value=120000000
Mcu.Pin4=PE7
NVIC.EXTI15_10_IRQn=true\:5\:0\:false\:false\:true\:true\:true\:true
Mcu.Pin5=PE9
ProjectManager.ProjectBuild=false
RCC.HSE_VALUE=8000000
NVIC.UsageFault_IRQn=true\:0\:0\:false\:false\:true\:false\:false\:false
Dma.DFSDM1_FLT0.0.Direction=DMA_PERIPH_TO_MEMORY
NVIC.DebugMonitor_IRQn=true\:0\:0\:false\:false\:true\:false\:false\:false
PA4.Locked=true
DFSDM1.FastMode_reg_FIL1=ENABLE
NVIC.SysTick_IRQn=true\:15\:0\:false\:false\:false\:true\:false\:true
DFSDM1.FastMode_reg_FIL0=ENABLE
ProjectManager.FirmwarePackage=STM32Cube FW_L4 V1.16.0
MxDb.Version=DB.6.0.10
ADC1.Rank-2\#ChannelRegularConversion=1
ProjectManager.BackupPrevious=false
Dma.DFSDM1_FLT0.0.Instance=DMA1_Channel1
RCC.VCOInputFreq_Value=4000000
RCC.SAI1CLockSelection=RCC_SAI1CLKSOURCE_PLL
PE9.Signal=S_CKOUTDFSDM1
Dma.DFSDM1_FLT0.0.SyncSignalID=NONE
SH.ADCx_IN1.ConfNb=1
PE9.Locked=true
NVIC.TIM2_IRQn=true\:5\:0\:false\:false\:true\:true\:true\:true
File.Version=6
PB7.Signal=USART1_RX
SH.SharedAnalog_PA4.ConfNb=2
RCC.PLLRCLKFreq_Value=120000000
DFSDM1.Fosr_FIL0=64
Dma.DFSDM1_FLT1.1.SyncEnable=DISABLE
DFSDM1.RightBitShift_CH2=0x02
PB6.Locked=true
DAC1.WaveGeneration-DAC_OUT1=NoiseWaveGeneration
NVIC.PendSV_IRQn=true\:15\:0\:false\:false\:false\:true\:false\:false
VP_FREERTOS_VS_CMSIS_V1.Mode=CMSIS_V1
DFSDM1.RightBitShift_CH1=0x02
DFSDM1.Fosr_FIL1=64
Dma.RequestsNb=2
ProjectManager.HalAssertFull=false
RCC.CRSFreq_Value=48000000
ProjectManager.ProjectName=ECSE444_Project_G02
Mcu.Package=LQFP100
NVIC.TimeBase=TIM6_DAC_IRQn
Dma.DFSDM1_FLT1.1.MemDataAlignment=DMA_MDATAALIGN_WORD
ProjectManager.ToolChainLocation=
Dma.DFSDM1_FLT1.1.PeriphDataAlignment=DMA_PDATAALIGN_WORD
RCC.LSI_VALUE=32000
NVIC.TimeBaseIP=TIM6
RCC.LSCOPinFreq_Value=32000
FREERTOS.FootprintOK=true
RCC.DFSDMFreq_Value=120000000
SH.ADCx_IN1.0=ADC1_IN1,IN1-Differential
RCC.PLLPoutputFreq_Value=120000000
Dma.Request1=DFSDM1_FLT1
RCC.APB1TimFreq_Value=120000000
NVIC.BusFault_IRQn=true\:0\:0\:false\:false\:true\:false\:false\:false
RCC.LPUART1Freq_Value=120000000
PE7.Signal=S_DATAIN2DFSDM1
Dma.DFSDM1_FLT1.1.RequestNumber=1
Dma.Request0=DFSDM1_FLT0
DFSDM1.SincOrder_FIL0=DFSDM_FILTER_SINC4_ORDER
ProjectManager.CustomerFirmwarePackage=
DFSDM1.SincOrder_FIL1=DFSDM_FILTER_SINC4_ORDER
Dma.DFSDM1_FLT0.0.SyncRequestNumber=1
RCC.HSI48_VALUE=48000000
RCC.PLLSAI1P=RCC_PLLP_DIV7
RCC.PLLSAI1N=16
RCC.MSI_VALUE=4000000
RCC.PLLQoutputFreq_Value=120000000
ProjectManager.ProjectFileName=ECSE444_Project_G02.ioc
Dma.DFSDM1_FLT0.0.RequestParameters=Instance,Direction,PeriphInc,MemInc,PeriphDataAlignment,MemDataAlignment,Mode,Priority,SignalID,Polarity,RequestNumber,SyncSignalID,SyncPolarity,SyncEnable,EventEnable,SyncRequestNumber
Dma.DFSDM1_FLT1.1.SyncPolarity=HAL_DMAMUX_SYNC_NO_EVENT
FREERTOS.Tasks01=defaultTask,0,128,StartDefaultTask,Default,NULL,Dynamic,NULL,NULL;fourierCalculat,-3,128,StartFourierCalTask,Default,NULL,Dynamic,NULL,NULL;audioSampling,-3,128,StartAudioSamplingTask,Default,NULL,Dynamic,NULL,NULL
Dma.DFSDM1_FLT0.0.PeriphInc=DMA_PINC_DISABLE
Mcu.PinsNb=11
ProjectManager.NoMain=false
ADC1.IPParameters=Rank-2\#ChannelRegularConversion,master,SingleDiff-2\#ChannelRegularConversion,Channel-2\#ChannelRegularConversion,SamplingTime-2\#ChannelRegularConversion,OffsetNumber-2\#ChannelRegularConversion,NbrOfConversionFlag,EnableAnalogWatchDog1
PC13.Locked=true
NVIC.SavedSvcallIrqHandlerGenerated=true
PC13.Signal=GPXTI13
SH.S_CKOUTDFSDM1.ConfNb=2
Dma.DFSDM1_FLT0.0.SyncPolarity=HAL_DMAMUX_SYNC_NO_EVENT
SH.S_DATAIN2DFSDM1.1=DFSDM1_DATIN2,PDM_SPI_input_from_ch2_and_internal_clock
Dma.DFSDM1_FLT0.0.MemInc=DMA_MINC_ENABLE
Dma.DFSDM1_FLT0.0.Priority=DMA_PRIORITY_LOW
SH.S_DATAIN2DFSDM1.0=DFSDM1_DATIN2,PDM_SPI_Input_from_ch12_and_Internal_Clock
ProjectManager.DefaultFWLocation=true
Dma.DFSDM1_FLT1.1.MemInc=DMA_MINC_ENABLE
ProjectManager.DeletePrevious=true
PC0.Signal=ADCx_IN1
RCC.VCOSAI2OutputFreq_Value=32000000
boardIOC=true
ADC1.SamplingTime-2\#ChannelRegularConversion=ADC_SAMPLETIME_2CYCLES_5
Dma.DFSDM1_FLT1.1.PeriphInc=DMA_PINC_DISABLE
RCC.FamilyName=M
Dma.DFSDM1_FLT0.0.SyncEnable=DISABLE
USART1.VirtualMode-Asynchronous=VM_ASYNC
VP_FREERTOS_VS_CMSIS_V1.Signal=FREERTOS_VS_CMSIS_V1
Dma.DFSDM1_FLT0.0.PeriphDataAlignment=DMA_PDATAALIGN_WORD
NVIC.DMA1_Channel2_IRQn=true\:5\:0\:false\:false\:true\:true\:false\:true
ProjectManager.TargetToolchain=STM32CubeIDE
DFSDM1.Type_spi_CH1=DFSDM_CHANNEL_SPI_FALLING
ADC1.EnableAnalogWatchDog1=false
ProjectManager.RegisterCallBack=
RCC.USBFreq_Value=32000000
RCC.LSE_VALUE=32768
Dma.DFSDM1_FLT1.1.Polarity=HAL_DMAMUX_REQUEST_GEN_RISING
RCC.PLLSAI1PoutputFreq_Value=9142857.142857144
Dma.DFSDM1_FLT1.1.SyncRequestNumber=1
RCC.PLLSAI2RoutputFreq_Value=16000000
Dma.DFSDM1_FLT0.0.SignalID=NONE
board=B-L4S5I-IOT01A
RCC.VCOOutputFreq_Value=240000000
ProjectManager.LastFirmware=true
NVIC.DFSDM1_FLT0_IRQn=true\:5\:0\:false\:false\:true\:true\:true\:true
VP_SYS_VS_tim6.Signal=SYS_VS_tim6
NVIC.SavedSystickIrqHandlerGenerated=true
RCC.APB2Freq_Value=120000000
RCC.UART4Freq_Value=120000000
MxCube.Version=6.1.1
VP_TIM2_VS_ClockSourceINT.Mode=Internal
RCC.I2C1Freq_Value=120000000
PC13.GPIOParameters=GPIO_Label
RCC.RNGFreq_Value=32000000
SH.ADCx_IN2.ConfNb=1
SH.S_CKOUTDFSDM1.0=DFSDM1_CKOUT,PDM_SPI_Input_from_ch12_and_Internal_Clock
RCC.PLLSAI1QoutputFreq_Value=32000000
SH.S_CKOUTDFSDM1.1=DFSDM1_CKOUT,PDM_SPI_input_from_ch2_and_internal_clock
RCC.ADCFreq_Value=32000000
NVIC.NonMaskableInt_IRQn=true\:0\:0\:false\:false\:true\:false\:false\:false
DAC1.DAC_Trigger-DAC_OUT1=DAC_TRIGGER_T2_TRGO
TIM2.Period=30000
RCC.UART5Freq_Value=120000000
PE7.Locked=true
ADC1.OffsetNumber-2\#ChannelRegularConversion=ADC_OFFSET_NONE
ProjectManager.FreePins=false
RCC.IPParameters=ADCFreq_Value,AHBFreq_Value,APB1Freq_Value,APB1TimFreq_Value,APB2Freq_Value,APB2TimFreq_Value,CRSFreq_Value,CortexFreq_Value,DFSDMFreq_Value,FCLKCortexFreq_Value,FamilyName,HCLKFreq_Value,HSE_VALUE,HSI48_VALUE,HSI_VALUE,I2C1Freq_Value,I2C2Freq_Value,I2C3Freq_Value,I2C4Freq_Value,LCDTFTFreq_Value,LPTIM1Freq_Value,LPTIM2Freq_Value,LPUART1Freq_Value,LSCOPinFreq_Value,LSE_VALUE,LSI_VALUE,MCO1PinFreq_Value,MSI_VALUE,OCTOSPIMFreq_Value,PLLN,PLLPoutputFreq_Value,PLLQoutputFreq_Value,PLLRCLKFreq_Value,PLLSAI1N,PLLSAI1P,PLLSAI1PoutputFreq_Value,PLLSAI1QoutputFreq_Value,PLLSAI1RoutputFreq_Value,PLLSAI2PoutputFreq_Value,PLLSAI2QoutputFreq_Value,PLLSAI2RoutputFreq_Value,PWRFreq_Value,RNGFreq_Value,SAI1CLockSelection,SAI1Freq_Value,SAI2Freq_Value,SDMMCFreq_Value,SYSCLKFreq_VALUE,SYSCLKSource,UART4Freq_Value,UART5Freq_Value,USART1Freq_Value,USART2Freq_Value,USART3Freq_Value,USBFreq_Value,VCOInput2Freq_Value,VCOInput3Freq_Value,VCOInputFreq_Value,VCOOutputFreq_Value,VCOSAI1OutputFreq_Value,VCOSAI2OutputFreq_Value
ProjectManager.AskForMigrate=true
Mcu.Name=STM32L4S5VITx
RCC.LPTIM2Freq_Value=120000000
NVIC.SavedPendsvIrqHandlerGenerated=true
ProjectManager.UnderRoot=true
Mcu.IP8=TIM2
Dma.DFSDM1_FLT1.1.Priority=DMA_PRIORITY_LOW
Mcu.IP9=USART1
Mcu.IP6=RCC
Mcu.IP7=SYS
ProjectManager.CoupleFile=false
PA4.Signal=SharedAnalog_PA4
RCC.SYSCLKFreq_VALUE=120000000
ADC1.master=1
Dma.DFSDM1_FLT1.1.SignalID=NONE
NVIC.ForceEnableDMAVector=true
RCC.PLLSAI2PoutputFreq_Value=16000000
KeepUserPlacement=false
NVIC.MemoryManagement_IRQn=true\:0\:0\:false\:false\:true\:false\:false\:false
ProjectManager.CompilerOptimize=6
PB7.Mode=Asynchronous
SH.S_DATAIN2DFSDM1.ConfNb=2
ProjectManager.HeapSize=0x200
NVIC.HardFault_IRQn=true\:0\:0\:false\:false\:true\:false\:false\:false
ProjectManager.ComputerToolchain=false
RCC.HSI_VALUE=16000000
DFSDM1.IPParameters=Divider,RightBitShift_CH1,RightBitShift_CH2,Type_spi_CH1,Filter_regChannel_FIL0,FastMode_reg_FIL0,Fosr_FIL0,SincOrder_FIL0,Filter_regChannel_FIL1,FastMode_reg_FIL1,Fosr_FIL1,SincOrder_FIL1,DmaMode_reg_FIL0,DmaMode_reg_FIL1
DFSDM1.DmaMode_reg_FIL1=ENABLE
NVIC.PriorityGroup=NVIC_PRIORITYGROUP_4
ADC1.NbrOfConversionFlag=1
DFSDM1.DmaMode_reg_FIL0=ENABLE
RCC.PLLN=60
Mcu.Pin10=VP_TIM2_VS_ClockSourceINT
PB7.Locked=true
DFSDM1.Divider=39
DFSDM1.Filter_regChannel_FIL1=DFSDM_CHANNEL_1
RCC.PWRFreq_Value=120000000
NVIC.DFSDM1_FLT1_IRQn=true\:5\:0\:false\:false\:true\:true\:true\:true
NVIC.DMA1_Channel1_IRQn=true\:5\:0\:false\:false\:true\:true\:false\:true
DFSDM1.Filter_regChannel_FIL0=DFSDM_CHANNEL_2
RCC.I2C2Freq_Value=120000000
RCC.VCOInput2Freq_Value=4000000
RCC.APB1Freq_Value=120000000
Dma.DFSDM1_FLT0.0.Polarity=HAL_DMAMUX_REQUEST_GEN_RISING
ProjectManager.DeviceId=STM32L4S5VITx
PC1.Signal=ADCx_IN2
ProjectManager.LibraryCopy=1
isbadioc=false
